
Microsoft Visual Studio Solution File, Format Version 12.00
# Visual Studio Version 16
VisualStudioVersion = 16.0.31112.23
MinimumVisualStudioVersion = 10.0.40219.1
Project("{FAE04EC0-301F-11D3-BF4B-00C04F79EFBC}") = "WebPetalosYFlores", "WebPetalosYFlores\WebPetalosYFlores.csproj", "{FC46CBEC-64C9-4033-BDDA-067B14B4F77C}"
EndProject
Global
	GlobalSection(SolutionConfigurationPlatforms) = preSolution
		Debug|Any CPU = Debug|Any CPU
		Release|Any CPU = Release|Any CPU
	EndGlobalSection
	GlobalSection(ProjectConfigurationPlatforms) = postSolution
		{FC46CBEC-64C9-4033-BDDA-067B14B4F77C}.Debug|Any CPU.ActiveCfg = Debug|Any CPU
		{FC46CBEC-64C9-4033-BDDA-067B14B4F77C}.Debug|Any CPU.Build.0 = Debug|Any CPU
		{FC46CBEC-64C9-4033-BDDA-067B14B4F77C}.Release|Any CPU.ActiveCfg = Release|Any CPU
		{FC46CBEC-64C9-4033-BDDA-067B14B4F77C}.Release|Any CPU.Build.0 = Release|Any CPU
	EndGlobalSection
	GlobalSection(SolutionProperties) = preSolution
		HideSolutionNode = FALSE
	EndGlobalSection
	GlobalSection(ExtensibilityGlobals) = postSolution
		SolutionGuid = {141836B7-34DF-4778-8E82-AE33AE06BC05}
	EndGlobalSection
EndGlobal
